
Microsoft Visual Studio Solution File, Format Version 12.00
# Visual Studio Version 17
VisualStudioVersion = 17.3.32929.385
MinimumVisualStudioVersion = 10.0.40219.1
Project("{FAE04EC0-301F-11D3-BF4B-00C04F79EFBC}") = "AICoursework", "AICoursework\AICoursework.csproj", "{99299906-3295-4186-A2CA-ACB5F7BC32FD}"
EndProject
Global
	GlobalSection(SolutionConfigurationPlatforms) = preSolution
		Debug|Any CPU = Debug|Any CPU
		Release|Any CPU = Release|Any CPU
	EndGlobalSection
	GlobalSection(ProjectConfigurationPlatforms) = postSolution
		{99299906-3295-4186-A2CA-ACB5F7BC32FD}.Debug|Any CPU.ActiveCfg = Debug|Any CPU
		{99299906-3295-4186-A2CA-ACB5F7BC32FD}.Debug|Any CPU.Build.0 = Debug|Any CPU
		{99299906-3295-4186-A2CA-ACB5F7BC32FD}.Release|Any CPU.ActiveCfg = Release|Any CPU
		{99299906-3295-4186-A2CA-ACB5F7BC32FD}.Release|Any CPU.Build.0 = Release|Any CPU
	EndGlobalSection
	GlobalSection(SolutionProperties) = preSolution
		HideSolutionNode = FALSE
	EndGlobalSection
	GlobalSection(ExtensibilityGlobals) = postSolution
		SolutionGuid = {7F324394-5067-4D4F-AB86-7C4B635306EB}
	EndGlobalSection
EndGlobal
